
Microsoft Visual Studio Solution File, Format Version 12.00
# Visual Studio Version 16
VisualStudioVersion = 16.0.31702.278
MinimumVisualStudioVersion = 10.0.40219.1
Project("{8BC9CEB8-8B4A-11D0-8D11-00A0C91BC942}") = "XorberaxMod", "XorberaxMod.vcxproj", "{73AD17BA-F865-4565-B6E6-4B0254D704D1}"
EndProject
Global
	GlobalSection(SolutionConfigurationPlatforms) = preSolution
		Debug|x64 = Debug|x64
		Debug|x86 = Debug|x86
		Release|x64 = Release|x64
		Release|x86 = Release|x86
	EndGlobalSection
	GlobalSection(ProjectConfigurationPlatforms) = postSolution
		{73AD17BA-F865-4565-B6E6-4B0254D704D1}.Debug|x64.ActiveCfg = Debug|x64
		{73AD17BA-F865-4565-B6E6-4B0254D704D1}.Debug|x64.Build.0 = Debug|x64
		{73AD17BA-F865-4565-B6E6-4B0254D704D1}.Debug|x86.ActiveCfg = Debug|Win32
		{73AD17BA-F865-4565-B6E6-4B0254D704D1}.Debug|x86.Build.0 = Debug|Win32
		{73AD17BA-F865-4565-B6E6-4B0254D704D1}.Release|x64.ActiveCfg = Release|x64
		{73AD17BA-F865-4565-B6E6-4B0254D704D1}.Release|x64.Build.0 = Release|x64
		{73AD17BA-F865-4565-B6E6-4B0254D704D1}.Release|x86.ActiveCfg = Release|Win32
		{73AD17BA-F865-4565-B6E6-4B0254D704D1}.Release|x86.Build.0 = Release|Win32
	EndGlobalSection
	GlobalSection(SolutionProperties) = preSolution
		HideSolutionNode = FALSE
	EndGlobalSection
	GlobalSection(ExtensibilityGlobals) = postSolution
		SolutionGuid = {01365810-6096-452C-BC0F-107218C7EAC4}
	EndGlobalSection
EndGlobal
